{
  "name": "bootcamp-project1",
  "lockfileVersion": 2,
  "requires": true,
  "packages": {
    "": {
      "dependencies": {
        "bulma": "^0.9.4",
        "granim": "^2.0.0"
      }
    },
    "node_modules/bulma": {
      "version": "0.9.4",
      "resolved": "https://registry.npmjs.org/bulma/-/bulma-0.9.4.tgz",
      "integrity": "sha512-86FlT5+1GrsgKbPLRRY7cGDg8fsJiP/jzTqXXVqiUZZ2aZT8uemEOHlU1CDU+TxklPEZ11HZNNWclRBBecP4CQ=="
    },
    "node_modules/granim": {
      "version": "2.0.0",
      "resolved": "https://registry.npmjs.org/granim/-/granim-2.0.0.tgz",
      "integrity": "sha512-aqa79K49ndjoUBtpYzlO8sKcuVQED+5axvX0SveqTLDR+Fa2G42AGntuQ36ysCFOWGVkWCLfHowFwk+D/9rGDg=="
    }
  },
  "dependencies": {
    "bulma": {
      "version": "0.9.4",
      "resolved": "https://registry.npmjs.org/bulma/-/bulma-0.9.4.tgz",
      "integrity": "sha512-86FlT5+1GrsgKbPLRRY7cGDg8fsJiP/jzTqXXVqiUZZ2aZT8uemEOHlU1CDU+TxklPEZ11HZNNWclRBBecP4CQ=="
    },
    "granim": {
      "version": "2.0.0",
      "resolved": "https://registry.npmjs.org/granim/-/granim-2.0.0.tgz",
      "integrity": "sha512-aqa79K49ndjoUBtpYzlO8sKcuVQED+5axvX0SveqTLDR+Fa2G42AGntuQ36ysCFOWGVkWCLfHowFwk+D/9rGDg=="
    }
  }
}
